
Microsoft Visual Studio Solution File, Format Version 12.00
# Visual Studio 15
Project("{FAE04EC0-301F-11D3-BF4B-00C04F79EFBC}") = "Assembly-CSharp", "Assembly-CSharp.csproj", "{A2FD2F07-E894-50F4-0A15-E339432C029B}"
EndProject
Global
	GlobalSection(SolutionConfigurationPlatforms) = preSolution
		Debug|Any CPU = Debug|Any CPU
		Release|Any CPU = Release|Any CPU
	EndGlobalSection
	GlobalSection(ProjectConfigurationPlatforms) = postSolution
		{A2FD2F07-E894-50F4-0A15-E339432C029B}.Debug|Any CPU.ActiveCfg = Debug|Any CPU
		{A2FD2F07-E894-50F4-0A15-E339432C029B}.Debug|Any CPU.Build.0 = Debug|Any CPU
		{A2FD2F07-E894-50F4-0A15-E339432C029B}.Release|Any CPU.ActiveCfg = Release|Any CPU
		{A2FD2F07-E894-50F4-0A15-E339432C029B}.Release|Any CPU.Build.0 = Release|Any CPU
	EndGlobalSection
	GlobalSection(SolutionProperties) = preSolution
		HideSolutionNode = FALSE
	EndGlobalSection
EndGlobal
